dependencies:
  espressif/es7210:
    component_hash: 761ac59d31d8babb01f6338045cc877f2a75027bae9823a4e4d0b6e5b6f63faf
    dependencies:
    - name: idf
      registry_url: https://components.espressif.com
      require: private
      version: '>=4.4,<6.0'
    source:
      registry_url: https://components.espressif.com/
      type: service
    version: 1.0.1~1
  espressif/es8311:
    component_hash: 46b3117250344bb03f143d5e2becf81cfb111679fbd7b95cefc2d302d36cc393
    dependencies:
    - name: idf
      registry_url: https://components.espressif.com
      require: private
      version: '>=4.4,<6.0'
    source:
      registry_url: https://components.espressif.com/
      type: service
    version: 1.0.0~1
  espressif/esp32-camera:
    component_hash: c3eb05fbeeae884a23bed9b17d48d5f0da8872beadae0c0e747d2fbea6094f06
    dependencies: []
    source:
      registry_url: https://components.espressif.com/
      type: service
    version: 2.0.15
  idf:
    source:
      type: idf
    version: 5.3.1
direct_dependencies:
- espressif/es7210
- espressif/es8311
- espressif/esp32-camera
- idf
manifest_hash: 93b514e1718815af3241d8e79f8d39a278b25662571cf408a5917d5bafff1522
target: esp32s3
version: 2.0.0
